
Microsoft Visual Studio Solution File, Format Version 12.00
# Visual Studio Version 17
VisualStudioVersion = 17.0.32014.148
MinimumVisualStudioVersion = 10.0.40219.1
Project("{9A19103F-16F7-4668-BE54-9A1E7A4F7556}") = "TodoList.Api", "TodoList.Api\TodoList.Api.csproj", "{065CE954-2618-4A24-A613-9C336C2154C6}"
EndProject
Project("{9A19103F-16F7-4668-BE54-9A1E7A4F7556}") = "TodoList.Api.Core", "TodoList.Api.Core\TodoList.Api.Core.csproj", "{8AAEDD4F-18C1-4547-AE14-F9A9FDE4CC7E}"
EndProject
Project("{9A19103F-16F7-4668-BE54-9A1E7A4F7556}") = "TodoList.Api.Shared", "TodoList.Api.Shared\TodoList.Api.Shared.csproj", "{68E2C8FB-F968-48AE-830C-F3B35BC0CD98}"
EndProject
Project("{9A19103F-16F7-4668-BE54-9A1E7A4F7556}") = "TodoList.Api.Infrastructure", "TodoList.Api.Infrastructure\TodoList.Api.Infrastructure.csproj", "{F1E54D93-7C77-4869-9B2F-DF986D8D1775}"
EndProject
Project("{9A19103F-16F7-4668-BE54-9A1E7A4F7556}") = "TodoList.Api.Web", "TodoList.Api.Web\TodoList.Api.Web.csproj", "{B16BB3B4-19A7-4DB1-81BA-C3701A4E5956}"
EndProject
Project("{2150E333-8FDC-42A3-9474-1A3956D46DE8}") = "Tests", "Tests", "{DF3B36F9-318D-4FBF-BC78-B4451B63E06C}"
EndProject
Project("{FAE04EC0-301F-11D3-BF4B-00C04F79EFBC}") = "TodoList.Api.Shared.UnitTests", "TodoList.Api.Core.UnitTests\TodoList.Api.Shared.UnitTests.csproj", "{16379D72-CD70-46F7-93E6-C69CCE15F80C}"
EndProject
Project("{FAE04EC0-301F-11D3-BF4B-00C04F79EFBC}") = "TodoList.Api.Core.Tests", "TodoList.Api.IntegrationTests\TodoList.Api.Core.Tests.csproj", "{900CC423-E4F2-4B25-8C55-B1E60AE879BB}"
EndProject
Global
	GlobalSection(SolutionConfigurationPlatforms) = preSolution
		Debug|Any CPU = Debug|Any CPU
		Release|Any CPU = Release|Any CPU
	EndGlobalSection
	GlobalSection(ProjectConfigurationPlatforms) = postSolution
		{065CE954-2618-4A24-A613-9C336C2154C6}.Debug|Any CPU.ActiveCfg = Debug|Any CPU
		{065CE954-2618-4A24-A613-9C336C2154C6}.Debug|Any CPU.Build.0 = Debug|Any CPU
		{065CE954-2618-4A24-A613-9C336C2154C6}.Release|Any CPU.ActiveCfg = Release|Any CPU
		{065CE954-2618-4A24-A613-9C336C2154C6}.Release|Any CPU.Build.0 = Release|Any CPU
		{8AAEDD4F-18C1-4547-AE14-F9A9FDE4CC7E}.Debug|Any CPU.ActiveCfg = Debug|Any CPU
		{8AAEDD4F-18C1-4547-AE14-F9A9FDE4CC7E}.Debug|Any CPU.Build.0 = Debug|Any CPU
		{8AAEDD4F-18C1-4547-AE14-F9A9FDE4CC7E}.Release|Any CPU.ActiveCfg = Release|Any CPU
		{8AAEDD4F-18C1-4547-AE14-F9A9FDE4CC7E}.Release|Any CPU.Build.0 = Release|Any CPU
		{68E2C8FB-F968-48AE-830C-F3B35BC0CD98}.Debug|Any CPU.ActiveCfg = Debug|Any CPU
		{68E2C8FB-F968-48AE-830C-F3B35BC0CD98}.Debug|Any CPU.Build.0 = Debug|Any CPU
		{68E2C8FB-F968-48AE-830C-F3B35BC0CD98}.Release|Any CPU.ActiveCfg = Release|Any CPU
		{68E2C8FB-F968-48AE-830C-F3B35BC0CD98}.Release|Any CPU.Build.0 = Release|Any CPU
		{F1E54D93-7C77-4869-9B2F-DF986D8D1775}.Debug|Any CPU.ActiveCfg = Debug|Any CPU
		{F1E54D93-7C77-4869-9B2F-DF986D8D1775}.Debug|Any CPU.Build.0 = Debug|Any CPU
		{F1E54D93-7C77-4869-9B2F-DF986D8D1775}.Release|Any CPU.ActiveCfg = Release|Any CPU
		{F1E54D93-7C77-4869-9B2F-DF986D8D1775}.Release|Any CPU.Build.0 = Release|Any CPU
		{B16BB3B4-19A7-4DB1-81BA-C3701A4E5956}.Debug|Any CPU.ActiveCfg = Debug|Any CPU
		{B16BB3B4-19A7-4DB1-81BA-C3701A4E5956}.Debug|Any CPU.Build.0 = Debug|Any CPU
		{B16BB3B4-19A7-4DB1-81BA-C3701A4E5956}.Release|Any CPU.ActiveCfg = Release|Any CPU
		{B16BB3B4-19A7-4DB1-81BA-C3701A4E5956}.Release|Any CPU.Build.0 = Release|Any CPU
		{16379D72-CD70-46F7-93E6-C69CCE15F80C}.Debug|Any CPU.ActiveCfg = Debug|Any CPU
		{16379D72-CD70-46F7-93E6-C69CCE15F80C}.Debug|Any CPU.Build.0 = Debug|Any CPU
		{16379D72-CD70-46F7-93E6-C69CCE15F80C}.Release|Any CPU.ActiveCfg = Release|Any CPU
		{16379D72-CD70-46F7-93E6-C69CCE15F80C}.Release|Any CPU.Build.0 = Release|Any CPU
		{900CC423-E4F2-4B25-8C55-B1E60AE879BB}.Debug|Any CPU.ActiveCfg = Debug|Any CPU
		{900CC423-E4F2-4B25-8C55-B1E60AE879BB}.Debug|Any CPU.Build.0 = Debug|Any CPU
		{900CC423-E4F2-4B25-8C55-B1E60AE879BB}.Release|Any CPU.ActiveCfg = Release|Any CPU
		{900CC423-E4F2-4B25-8C55-B1E60AE879BB}.Release|Any CPU.Build.0 = Release|Any CPU
	EndGlobalSection
	GlobalSection(SolutionProperties) = preSolution
		HideSolutionNode = FALSE
	EndGlobalSection
	GlobalSection(NestedProjects) = preSolution
		{16379D72-CD70-46F7-93E6-C69CCE15F80C} = {DF3B36F9-318D-4FBF-BC78-B4451B63E06C}
		{900CC423-E4F2-4B25-8C55-B1E60AE879BB} = {DF3B36F9-318D-4FBF-BC78-B4451B63E06C}
	EndGlobalSection
	GlobalSection(ExtensibilityGlobals) = postSolution
		SolutionGuid = {061F7879-5D14-4C5E-A4A9-782C6FEB1132}
	EndGlobalSection
EndGlobal
